
Microsoft Visual Studio Solution File, Format Version 12.00
# Visual Studio Version 17
VisualStudioVersion = 17.2.32616.157
MinimumVisualStudioVersion = 10.0.40219.1
Project("{FAE04EC0-301F-11D3-BF4B-00C04F79EFBC}") = "ProductProject.Web", "ProductProject\ProductProject.Web.csproj", "{9EE90790-6734-4908-805E-4B2EA8A9AD88}"
EndProject
Project("{2150E333-8FDC-42A3-9474-1A3956D46DE8}") = "Application", "Application", "{3B0F8AF6-11DF-4ECF-A561-AFCEA63C6158}"
EndProject
Project("{2150E333-8FDC-42A3-9474-1A3956D46DE8}") = "Domain", "Domain", "{44996B1B-88A9-4BA2-8A57-ED325DD64B89}"
EndProject
Project("{2150E333-8FDC-42A3-9474-1A3956D46DE8}") = "Infra", "Infra", "{698AC503-0D1A-4191-BE92-513B5405F35A}"
EndProject
Project("{2150E333-8FDC-42A3-9474-1A3956D46DE8}") = "Web", "Web", "{9B21F8B7-ABE1-4CFE-81DF-335E95C7BA99}"
EndProject
Project("{FAE04EC0-301F-11D3-BF4B-00C04F79EFBC}") = "ProductProject.Application", "ProductProject.Application\ProductProject.Application.csproj", "{4E46E330-9774-47D2-92CF-33B569767D0E}"
EndProject
Project("{FAE04EC0-301F-11D3-BF4B-00C04F79EFBC}") = "ProductProject.Domain", "ProductProject.Domain\ProductProject.Domain.csproj", "{E738D7AF-B469-4C6D-AC81-45F2948ED301}"
EndProject
Project("{2150E333-8FDC-42A3-9474-1A3956D46DE8}") = "Data", "Data", "{D5AD469E-EF37-41A4-8EB3-9DD46FF02E1A}"
EndProject
Project("{2150E333-8FDC-42A3-9474-1A3956D46DE8}") = "Setup", "Setup", "{56304D26-85A5-43B2-BFE2-E05861D69A45}"
EndProject
Project("{FAE04EC0-301F-11D3-BF4B-00C04F79EFBC}") = "ProductProject.Data", "ProductProject.Data\ProductProject.Data.csproj", "{1D526F2D-9CC9-4168-926C-EBD4C8C5B6B5}"
EndProject
Project("{FAE04EC0-301F-11D3-BF4B-00C04F79EFBC}") = "ProductProject.Setup", "ProductProject.Setup\ProductProject.Setup.csproj", "{EE6512DA-38AF-4940-BD96-4B2523B85193}"
EndProject
Global
	GlobalSection(SolutionConfigurationPlatforms) = preSolution
		Debug|Any CPU = Debug|Any CPU
		Release|Any CPU = Release|Any CPU
	EndGlobalSection
	GlobalSection(ProjectConfigurationPlatforms) = postSolution
		{9EE90790-6734-4908-805E-4B2EA8A9AD88}.Debug|Any CPU.ActiveCfg = Debug|Any CPU
		{9EE90790-6734-4908-805E-4B2EA8A9AD88}.Debug|Any CPU.Build.0 = Debug|Any CPU
		{9EE90790-6734-4908-805E-4B2EA8A9AD88}.Release|Any CPU.ActiveCfg = Release|Any CPU
		{9EE90790-6734-4908-805E-4B2EA8A9AD88}.Release|Any CPU.Build.0 = Release|Any CPU
		{4E46E330-9774-47D2-92CF-33B569767D0E}.Debug|Any CPU.ActiveCfg = Debug|Any CPU
		{4E46E330-9774-47D2-92CF-33B569767D0E}.Debug|Any CPU.Build.0 = Debug|Any CPU
		{4E46E330-9774-47D2-92CF-33B569767D0E}.Release|Any CPU.ActiveCfg = Release|Any CPU
		{4E46E330-9774-47D2-92CF-33B569767D0E}.Release|Any CPU.Build.0 = Release|Any CPU
		{E738D7AF-B469-4C6D-AC81-45F2948ED301}.Debug|Any CPU.ActiveCfg = Debug|Any CPU
		{E738D7AF-B469-4C6D-AC81-45F2948ED301}.Debug|Any CPU.Build.0 = Debug|Any CPU
		{E738D7AF-B469-4C6D-AC81-45F2948ED301}.Release|Any CPU.ActiveCfg = Release|Any CPU
		{E738D7AF-B469-4C6D-AC81-45F2948ED301}.Release|Any CPU.Build.0 = Release|Any CPU
		{1D526F2D-9CC9-4168-926C-EBD4C8C5B6B5}.Debug|Any CPU.ActiveCfg = Debug|Any CPU
		{1D526F2D-9CC9-4168-926C-EBD4C8C5B6B5}.Debug|Any CPU.Build.0 = Debug|Any CPU
		{1D526F2D-9CC9-4168-926C-EBD4C8C5B6B5}.Release|Any CPU.ActiveCfg = Release|Any CPU
		{1D526F2D-9CC9-4168-926C-EBD4C8C5B6B5}.Release|Any CPU.Build.0 = Release|Any CPU
		{EE6512DA-38AF-4940-BD96-4B2523B85193}.Debug|Any CPU.ActiveCfg = Debug|Any CPU
		{EE6512DA-38AF-4940-BD96-4B2523B85193}.Debug|Any CPU.Build.0 = Debug|Any CPU
		{EE6512DA-38AF-4940-BD96-4B2523B85193}.Release|Any CPU.ActiveCfg = Release|Any CPU
		{EE6512DA-38AF-4940-BD96-4B2523B85193}.Release|Any CPU.Build.0 = Release|Any CPU
	EndGlobalSection
	GlobalSection(SolutionProperties) = preSolution
		HideSolutionNode = FALSE
	EndGlobalSection
	GlobalSection(NestedProjects) = preSolution
		{9EE90790-6734-4908-805E-4B2EA8A9AD88} = {9B21F8B7-ABE1-4CFE-81DF-335E95C7BA99}
		{4E46E330-9774-47D2-92CF-33B569767D0E} = {3B0F8AF6-11DF-4ECF-A561-AFCEA63C6158}
		{E738D7AF-B469-4C6D-AC81-45F2948ED301} = {44996B1B-88A9-4BA2-8A57-ED325DD64B89}
		{D5AD469E-EF37-41A4-8EB3-9DD46FF02E1A} = {698AC503-0D1A-4191-BE92-513B5405F35A}
		{56304D26-85A5-43B2-BFE2-E05861D69A45} = {698AC503-0D1A-4191-BE92-513B5405F35A}
		{1D526F2D-9CC9-4168-926C-EBD4C8C5B6B5} = {D5AD469E-EF37-41A4-8EB3-9DD46FF02E1A}
		{EE6512DA-38AF-4940-BD96-4B2523B85193} = {56304D26-85A5-43B2-BFE2-E05861D69A45}
	EndGlobalSection
	GlobalSection(ExtensibilityGlobals) = postSolution
		SolutionGuid = {E3998223-B321-48DD-89D0-FFE30BD47315}
	EndGlobalSection
EndGlobal
