
Microsoft Visual Studio Solution File, Format Version 12.00
# Visual Studio Version 17
VisualStudioVersion = 17.2.32616.157
MinimumVisualStudioVersion = 10.0.40219.1
Project("{FAE04EC0-301F-11D3-BF4B-00C04F79EFBC}") = "ProductProject", "ProductProject\ProductProject.csproj", "{9EE90790-6734-4908-805E-4B2EA8A9AD88}"
EndProject
Global
	GlobalSection(SolutionConfigurationPlatforms) = preSolution
		Debug|Any CPU = Debug|Any CPU
		Release|Any CPU = Release|Any CPU
	EndGlobalSection
	GlobalSection(ProjectConfigurationPlatforms) = postSolution
		{9EE90790-6734-4908-805E-4B2EA8A9AD88}.Debug|Any CPU.ActiveCfg = Debug|Any CPU
		{9EE90790-6734-4908-805E-4B2EA8A9AD88}.Debug|Any CPU.Build.0 = Debug|Any CPU
		{9EE90790-6734-4908-805E-4B2EA8A9AD88}.Release|Any CPU.ActiveCfg = Release|Any CPU
		{9EE90790-6734-4908-805E-4B2EA8A9AD88}.Release|Any CPU.Build.0 = Release|Any CPU
	EndGlobalSection
	GlobalSection(SolutionProperties) = preSolution
		HideSolutionNode = FALSE
	EndGlobalSection
	GlobalSection(ExtensibilityGlobals) = postSolution
		SolutionGuid = {E3998223-B321-48DD-89D0-FFE30BD47315}
	EndGlobalSection
EndGlobal
